
Microsoft Visual Studio Solution File, Format Version 12.00
# Visual Studio Version 17
VisualStudioVersion = 17.9.34902.65
MinimumVisualStudioVersion = 10.0.40219.1
Project("{FAE04EC0-301F-11D3-BF4B-00C04F79EFBC}") = "Ejercicio 2 Viajes", "Ejercicio 1\Ejercicio 2 Viajes.csproj", "{3399C125-20F2-412F-A698-5F302C805A7A}"
EndProject
Project("{FAE04EC0-301F-11D3-BF4B-00C04F79EFBC}") = "Ejercicio 1 Moto", "Ejercicio 2\Ejercicio 1 Moto.csproj", "{1032C672-8B5D-4465-8F9D-C8C1E61931F8}"
EndProject
Project("{FAE04EC0-301F-11D3-BF4B-00C04F79EFBC}") = "Guia 3.1", "Guia 3.1\Guia 3.1.csproj", "{ACE3FB58-1838-4C45-AD29-9898FE67F0EA}"
EndProject
Global
	GlobalSection(SolutionConfigurationPlatforms) = preSolution
		Debug|Any CPU = Debug|Any CPU
		Release|Any CPU = Release|Any CPU
	EndGlobalSection
	GlobalSection(ProjectConfigurationPlatforms) = postSolution
		{3399C125-20F2-412F-A698-5F302C805A7A}.Debug|Any CPU.ActiveCfg = Debug|Any CPU
		{3399C125-20F2-412F-A698-5F302C805A7A}.Debug|Any CPU.Build.0 = Debug|Any CPU
		{3399C125-20F2-412F-A698-5F302C805A7A}.Release|Any CPU.ActiveCfg = Release|Any CPU
		{3399C125-20F2-412F-A698-5F302C805A7A}.Release|Any CPU.Build.0 = Release|Any CPU
		{1032C672-8B5D-4465-8F9D-C8C1E61931F8}.Debug|Any CPU.ActiveCfg = Debug|Any CPU
		{1032C672-8B5D-4465-8F9D-C8C1E61931F8}.Debug|Any CPU.Build.0 = Debug|Any CPU
		{1032C672-8B5D-4465-8F9D-C8C1E61931F8}.Release|Any CPU.ActiveCfg = Release|Any CPU
		{1032C672-8B5D-4465-8F9D-C8C1E61931F8}.Release|Any CPU.Build.0 = Release|Any CPU
		{ACE3FB58-1838-4C45-AD29-9898FE67F0EA}.Debug|Any CPU.ActiveCfg = Debug|Any CPU
		{ACE3FB58-1838-4C45-AD29-9898FE67F0EA}.Debug|Any CPU.Build.0 = Debug|Any CPU
		{ACE3FB58-1838-4C45-AD29-9898FE67F0EA}.Release|Any CPU.ActiveCfg = Release|Any CPU
		{ACE3FB58-1838-4C45-AD29-9898FE67F0EA}.Release|Any CPU.Build.0 = Release|Any CPU
	EndGlobalSection
	GlobalSection(SolutionProperties) = preSolution
		HideSolutionNode = FALSE
	EndGlobalSection
	GlobalSection(ExtensibilityGlobals) = postSolution
		SolutionGuid = {C18253C8-4098-4CBE-8F09-0D98CE9387A6}
	EndGlobalSection
EndGlobal
